
Microsoft Visual Studio Solution File, Format Version 12.00
# Visual Studio Version 17
VisualStudioVersion = 17.5.002.0
MinimumVisualStudioVersion = 10.0.40219.1
Project("{9A19103F-16F7-4668-BE54-9A1E7A4F7556}") = "RazorPagesMovie", "RazorPagesMovie.csproj", "{497E9D22-52C6-4DD0-8DD1-490070964714}"
EndProject
Global
	GlobalSection(SolutionConfigurationPlatforms) = preSolution
		Debug|Any CPU = Debug|Any CPU
		Release|Any CPU = Release|Any CPU
	EndGlobalSection
	GlobalSection(ProjectConfigurationPlatforms) = postSolution
		{497E9D22-52C6-4DD0-8DD1-490070964714}.Debug|Any CPU.ActiveCfg = Debug|Any CPU
		{497E9D22-52C6-4DD0-8DD1-490070964714}.Debug|Any CPU.Build.0 = Debug|Any CPU
		{497E9D22-52C6-4DD0-8DD1-490070964714}.Release|Any CPU.ActiveCfg = Release|Any CPU
		{497E9D22-52C6-4DD0-8DD1-490070964714}.Release|Any CPU.Build.0 = Release|Any CPU
	EndGlobalSection
	GlobalSection(SolutionProperties) = preSolution
		HideSolutionNode = FALSE
	EndGlobalSection
	GlobalSection(ExtensibilityGlobals) = postSolution
		SolutionGuid = {3A864F0E-5465-4A5E-A022-7B389AA091E0}
	EndGlobalSection
EndGlobal
